PODS:
  - cloud_firestore (4.0.5):
    - Firebase/Firestore (= 10.1.0)
    - firebase_core
    - Flutter
    - nanopb (< 2.30910.0, >= 2.30908.0)
  - cloud_functions (4.0.4):
    - Firebase/Functions (= 10.1.0)
    - firebase_core
    - Flutter
  - connectivity_plus (0.0.1):
    - Flutter
    - ReachabilitySwift
  - Firebase/Analytics (10.1.0):
    - Firebase/Core
  - Firebase/Auth (10.1.0):
    - Firebase/CoreOnly
    - FirebaseAuth (~> 10.1.0)
  - Firebase/Core (10.1.0):
    - Firebase/CoreOnly
    - FirebaseAnalytics (~> 10.1.0)
  - Firebase/CoreOnly (10.1.0):
    - FirebaseCore (= 10.1.0)
  - Firebase/Crashlytics (10.1.0):
    - Firebase/CoreOnly
    - FirebaseCrashlytics (~> 10.1.0)
  - Firebase/DynamicLinks (10.1.0):
    - Firebase/CoreOnly
    - FirebaseDynamicLinks (~> 10.1.0)
  - Firebase/Firestore (10.1.0):
    - Firebase/CoreOnly
    - FirebaseFirestore (~> 10.1.0)
  - Firebase/Functions (10.1.0):
    - Firebase/CoreOnly
    - FirebaseFunctions (~> 10.1.0)
  - Firebase/Messaging (10.1.0):
    - Firebase/CoreOnly
    - FirebaseMessaging (~> 10.1.0)
  - Firebase/Storage (10.1.0):
    - Firebase/CoreOnly
    - FirebaseStorage (~> 10.1.0)
  - firebase_analytics (10.0.5):
    - Firebase/Analytics (= 10.1.0)
    - firebase_core
    - Flutter
  - firebase_auth (4.1.2):
    - Firebase/Auth (= 10.1.0)
    - firebase_core
    - Flutter
  - firebase_core (2.2.0):
    - Firebase/CoreOnly (= 10.1.0)
    - Flutter
  - firebase_crashlytics (3.0.5):
    - Firebase/Crashlytics (= 10.1.0)
    - firebase_core
    - Flutter
  - firebase_dynamic_links (5.0.5):
    - Firebase/DynamicLinks (= 10.1.0)
    - firebase_core
    - Flutter
  - firebase_messaging (14.1.0):
    - Firebase/Messaging (= 10.1.0)
    - firebase_core
    - Flutter
  - firebase_storage (11.0.5):
    - Firebase/Storage (= 10.1.0)
    - firebase_core
    - Flutter
  - FirebaseAnalytics (10.1.0):
    - FirebaseAnalytics/AdIdSupport (= 10.1.0)
    - FirebaseCore (~> 10.0)
    - FirebaseInstallations (~> 10.0)
    - GoogleUtilities/AppDelegateSwizzler (~> 7.8)
    - GoogleUtilities/MethodSwizzler (~> 7.8)
    - GoogleUtilities/Network (~> 7.8)
    - "GoogleUtilities/NSData+zlib (~> 7.8)"
    - nanopb (< 2.30910.0, >= 2.30908.0)
  - FirebaseAnalytics/AdIdSupport (10.1.0):
    - FirebaseCore (~> 10.0)
    - FirebaseInstallations (~> 10.0)
    - GoogleAppMeasurement (= 10.1.0)
    - GoogleUtilities/AppDelegateSwizzler (~> 7.8)
    - GoogleUtilities/MethodSwizzler (~> 7.8)
    - GoogleUtilities/Network (~> 7.8)
    - "GoogleUtilities/NSData+zlib (~> 7.8)"
    - nanopb (< 2.30910.0, >= 2.30908.0)
  - FirebaseAppCheckInterop (10.2.0)
  - FirebaseAuth (10.1.0):
    - FirebaseCore (~> 10.0)
    - GoogleUtilities/AppDelegateSwizzler (~> 7.8)
    - GoogleUtilities/Environment (~> 7.8)
    - GTMSessionFetcher/Core (~> 2.1)
  - FirebaseAuthInterop (10.2.0)
  - FirebaseCore (10.1.0):
    - FirebaseCoreInternal (~> 10.0)
    - GoogleUtilities/Environment (~> 7.8)
    - GoogleUtilities/Logger (~> 7.8)
  - FirebaseCoreExtension (10.2.0):
    - FirebaseCore (~> 10.0)
  - FirebaseCoreInternal (10.2.0):
    - "GoogleUtilities/NSData+zlib (~> 7.8)"
  - FirebaseCrashlytics (10.1.0):
    - FirebaseCore (~> 10.0)
    - FirebaseInstallations (~> 10.0)
    - GoogleDataTransport (~> 9.2)
    - GoogleUtilities/Environment (~> 7.8)
    - nanopb (< 2.30910.0, >= 2.30908.0)
    - PromisesObjC (~> 2.1)
  - FirebaseDynamicLinks (10.1.0):
    - FirebaseCore (~> 10.0)
  - FirebaseFirestore (10.1.0):
    - FirebaseFirestore/AutodetectLeveldb (= 10.1.0)
  - FirebaseFirestore/AutodetectLeveldb (10.1.0):
    - FirebaseFirestore/Base
    - FirebaseFirestore/WithLeveldb
  - FirebaseFirestore/Base (10.1.0)
  - FirebaseFirestore/WithLeveldb (10.1.0):
    - FirebaseFirestore/Base
  - FirebaseFunctions (10.1.0):
    - FirebaseAppCheckInterop (~> 10.0)
    - FirebaseAuthInterop (~> 10.0)
    - FirebaseCore (~> 10.0)
    - FirebaseCoreExtension (~> 10.0)
    - FirebaseMessagingInterop (~> 10.0)
    - FirebaseSharedSwift (~> 10.0)
    - GTMSessionFetcher/Core (~> 2.1)
  - FirebaseInstallations (10.2.0):
    - FirebaseCore (~> 10.0)
    - GoogleUtilities/Environment (~> 7.8)
    - GoogleUtilities/UserDefaults (~> 7.8)
    - PromisesObjC (~> 2.1)
  - FirebaseMessaging (10.1.0):
    - FirebaseCore (~> 10.0)
    - FirebaseInstallations (~> 10.0)
    - GoogleDataTransport (~> 9.2)
    - GoogleUtilities/AppDelegateSwizzler (~> 7.8)
    - GoogleUtilities/Environment (~> 7.8)
    - GoogleUtilities/Reachability (~> 7.8)
    - GoogleUtilities/UserDefaults (~> 7.8)
    - nanopb (< 2.30910.0, >= 2.30908.0)
  - FirebaseMessagingInterop (10.2.0)
  - FirebaseSharedSwift (10.2.0)
  - FirebaseStorage (10.1.0):
    - FirebaseAppCheckInterop (~> 10.0)
    - FirebaseAuthInterop (~> 10.0)
    - FirebaseCore (~> 10.0)
    - FirebaseCoreExtension (~> 10.0)
    - GTMSessionFetcher/Core (~> 2.1)
  - Flutter (1.0.0)
  - flutter_local_notifications (0.0.1):
    - Flutter
  - flutter_native_splash (0.0.1):
    - Flutter
  - FMDB (2.7.5):
    - FMDB/standard (= 2.7.5)
  - FMDB/standard (2.7.5)
  - geolocator_apple (1.2.0):
    - Flutter
  - google_maps_flutter_ios (0.0.1):
    - Flutter
    - GoogleMaps
  - GoogleAppMeasurement (10.1.0):
    - GoogleAppMeasurement/AdIdSupport (= 10.1.0)
    - GoogleUtilities/AppDelegateSwizzler (~> 7.8)
    - GoogleUtilities/MethodSwizzler (~> 7.8)
    - GoogleUtilities/Network (~> 7.8)
    - "GoogleUtilities/NSData+zlib (~> 7.8)"
    - nanopb (< 2.30910.0, >= 2.30908.0)
  - GoogleAppMeasurement/AdIdSupport (10.1.0):
    - GoogleAppMeasurement/WithoutAdIdSupport (= 10.1.0)
    - GoogleUtilities/AppDelegateSwizzler (~> 7.8)
    - GoogleUtilities/MethodSwizzler (~> 7.8)
    - GoogleUtilities/Network (~> 7.8)
    - "GoogleUtilities/NSData+zlib (~> 7.8)"
    - nanopb (< 2.30910.0, >= 2.30908.0)
  - GoogleAppMeasurement/WithoutAdIdSupport (10.1.0):
    - GoogleUtilities/AppDelegateSwizzler (~> 7.8)
    - GoogleUtilities/MethodSwizzler (~> 7.8)
    - GoogleUtilities/Network (~> 7.8)
    - "GoogleUtilities/NSData+zlib (~> 7.8)"
    - nanopb (< 2.30910.0, >= 2.30908.0)
  - GoogleDataTransport (9.2.0):
    - GoogleUtilities/Environment (~> 7.7)
    - nanopb (< 2.30910.0, >= 2.30908.0)
    - PromisesObjC (< 3.0, >= 1.2)
  - GoogleMaps (7.2.0):
    - GoogleMaps/Maps (= 7.2.0)
  - GoogleMaps/Base (7.2.0)
  - GoogleMaps/Maps (7.2.0):
    - GoogleMaps/Base
  - GoogleUtilities/AppDelegateSwizzler (7.10.0):
    - GoogleUtilities/Environment
    - GoogleUtilities/Logger
    - GoogleUtilities/Network
  - GoogleUtilities/Environment (7.10.0):
    - PromisesObjC (< 3.0, >= 1.2)
  - GoogleUtilities/Logger (7.10.0):
    - GoogleUtilities/Environment
  - GoogleUtilities/MethodSwizzler (7.10.0):
    - GoogleUtilities/Logger
  - GoogleUtilities/Network (7.10.0):
    - GoogleUtilities/Logger
    - "GoogleUtilities/NSData+zlib"
    - GoogleUtilities/Reachability
  - "GoogleUtilities/NSData+zlib (7.10.0)"
  - GoogleUtilities/Reachability (7.10.0):
    - GoogleUtilities/Logger
  - GoogleUtilities/UserDefaults (7.10.0):
    - GoogleUtilities/Logger
  - GTMSessionFetcher/Core (2.3.0)
  - nanopb (2.30909.0):
    - nanopb/decode (= 2.30909.0)
    - nanopb/encode (= 2.30909.0)
  - nanopb/decode (2.30909.0)
  - nanopb/encode (2.30909.0)
  - package_info_plus (0.4.5):
    - Flutter
  - path_provider_ios (0.0.1):
    - Flutter
  - PromisesObjC (2.1.1)
  - ReachabilitySwift (5.0.0)
  - sqflite (0.0.2):
    - Flutter
    - FMDB (>= 2.7.5)

DEPENDENCIES:
  - cloud_firestore (from `.symlinks/plugins/cloud_firestore/ios`)
  - cloud_functions (from `.symlinks/plugins/cloud_functions/ios`)
  - connectivity_plus (from `.symlinks/plugins/connectivity_plus/ios`)
  - firebase_analytics (from `.symlinks/plugins/firebase_analytics/ios`)
  - firebase_auth (from `.symlinks/plugins/firebase_auth/ios`)
  - firebase_core (from `.symlinks/plugins/firebase_core/ios`)
  - firebase_crashlytics (from `.symlinks/plugins/firebase_crashlytics/ios`)
  - firebase_dynamic_links (from `.symlinks/plugins/firebase_dynamic_links/ios`)
  - firebase_messaging (from `.symlinks/plugins/firebase_messaging/ios`)
  - firebase_storage (from `.symlinks/plugins/firebase_storage/ios`)
  - FirebaseFirestore (from `https://github.com/invertase/firestore-ios-sdk-frameworks.git`, tag `10.1.0`)
  - Flutter (from `Flutter`)
  - flutter_local_notifications (from `.symlinks/plugins/flutter_local_notifications/ios`)
  - flutter_native_splash (from `.symlinks/plugins/flutter_native_splash/ios`)
  - geolocator_apple (from `.symlinks/plugins/geolocator_apple/ios`)
  - google_maps_flutter_ios (from `.symlinks/plugins/google_maps_flutter_ios/ios`)
  - package_info_plus (from `.symlinks/plugins/package_info_plus/ios`)
  - path_provider_ios (from `.symlinks/plugins/path_provider_ios/ios`)
  - sqflite (from `.symlinks/plugins/sqflite/ios`)

SPEC REPOS:
  trunk:
    - Firebase
    - FirebaseAnalytics
    - FirebaseAppCheckInterop
    - FirebaseAuth
    - FirebaseAuthInterop
    - FirebaseCore
    - FirebaseCoreExtension
    - FirebaseCoreInternal
    - FirebaseCrashlytics
    - FirebaseDynamicLinks
    - FirebaseFunctions
    - FirebaseInstallations
    - FirebaseMessaging
    - FirebaseMessagingInterop
    - FirebaseSharedSwift
    - FirebaseStorage
    - FMDB
    - GoogleAppMeasurement
    - GoogleDataTransport
    - GoogleMaps
    - GoogleUtilities
    - GTMSessionFetcher
    - nanopb
    - PromisesObjC
    - ReachabilitySwift

EXTERNAL SOURCES:
  cloud_firestore:
    :path: ".symlinks/plugins/cloud_firestore/ios"
  cloud_functions:
    :path: ".symlinks/plugins/cloud_functions/ios"
  connectivity_plus:
    :path: ".symlinks/plugins/connectivity_plus/ios"
  firebase_analytics:
    :path: ".symlinks/plugins/firebase_analytics/ios"
  firebase_auth:
    :path: ".symlinks/plugins/firebase_auth/ios"
  firebase_core:
    :path: ".symlinks/plugins/firebase_core/ios"
  firebase_crashlytics:
    :path: ".symlinks/plugins/firebase_crashlytics/ios"
  firebase_dynamic_links:
    :path: ".symlinks/plugins/firebase_dynamic_links/ios"
  firebase_messaging:
    :path: ".symlinks/plugins/firebase_messaging/ios"
  firebase_storage:
    :path: ".symlinks/plugins/firebase_storage/ios"
  FirebaseFirestore:
    :git: https://github.com/invertase/firestore-ios-sdk-frameworks.git
    :tag: 10.1.0
  Flutter:
    :path: Flutter
  flutter_local_notifications:
    :path: ".symlinks/plugins/flutter_local_notifications/ios"
  flutter_native_splash:
    :path: ".symlinks/plugins/flutter_native_splash/ios"
  geolocator_apple:
    :path: ".symlinks/plugins/geolocator_apple/ios"
  google_maps_flutter_ios:
    :path: ".symlinks/plugins/google_maps_flutter_ios/ios"
  package_info_plus:
    :path: ".symlinks/plugins/package_info_plus/ios"
  path_provider_ios:
    :path: ".symlinks/plugins/path_provider_ios/ios"
  sqflite:
    :path: ".symlinks/plugins/sqflite/ios"

CHECKOUT OPTIONS:
  FirebaseFirestore:
    :git: https://github.com/invertase/firestore-ios-sdk-frameworks.git
    :tag: 10.1.0

SPEC CHECKSUMS:
  cloud_firestore: 345ab5f423db6ae492abb648372156bdccb9df42
  cloud_functions: 9f82f5e54dad6845ead8b16ae18cb4087bebf7e1
  connectivity_plus: 413a8857dd5d9f1c399a39130850d02fe0feaf7e
  Firebase: 444b35a9c568a516666213c2f6cccd10cb12559f
  firebase_analytics: 83faeaf890b32aec4537dd4ae714001b4fbc8619
  firebase_auth: 6e24814d3c9976a288da6bb7a49ac79616863b5b
  firebase_core: d2242c6f318db1d0dcecfbfa491e943337b0d755
  firebase_crashlytics: f56022b932775045c810d01387b097234b204bd5
  firebase_dynamic_links: b7f12276d4c54d5edbffc89daa8e6c7a02482417
  firebase_messaging: 59f435c4cd0d5448e7268a7f70bce9b1287c1742
  firebase_storage: 4469fac809e7f0ac7bc01455f515b409718398a4
  FirebaseAnalytics: 24cb27b52b2e11ad5013528195b4ca0755dec960
  FirebaseAppCheckInterop: af164d9c623f82174e3ffa54394dee189587c601
  FirebaseAuth: 19a85b8a42e7c1104a2ffa6987c748daa79a5e64
  FirebaseAuthInterop: 027d42ca8fec84dc6151566479af05095a0bd5c0
  FirebaseCore: 55e7ae35991ccca4db03ff8d8df6ed5f17a3e4c7
  FirebaseCoreExtension: d08b424832917cf13612021574399afbbedffeef
  FirebaseCoreInternal: 091bde13e47bb1c5e9fe397634f3593dc390430f
  FirebaseCrashlytics: 93906d7085eb3e4dd90d08fe42a15d4f0406b6ab
  FirebaseDynamicLinks: 0c8492a77625ee3c0c564bf98b4cdaa89d9e6535
  FirebaseFirestore: 741ba791488b46b4b84425fe3981e51598aabce7
  FirebaseFunctions: be8b4bfb8876dd03eef5bfd49a59ff40af90ebe1
  FirebaseInstallations: 004915af170935e3a583faefd5f8bc851afc220f
  FirebaseMessaging: 4487bbff9b9b927ba1dd3ea40d1ceb58e4ee3cb5
  FirebaseMessagingInterop: b46e7fcf39c0e9b16841e258645a320a154af240
  FirebaseSharedSwift: a160b39d4ce77be922b3d6ff009099c7294e36e5
  FirebaseStorage: 132c10c4d2f8ed8afbfa918eb35d19a87f383d59
  Flutter: f04841e97a9d0b0a8025694d0796dd46242b2854
  flutter_local_notifications: 0c0b1ae97e741e1521e4c1629a459d04b9aec743
  flutter_native_splash: 52501b97d1c0a5f898d687f1646226c1f93c56ef
  FMDB: 2ce00b547f966261cd18927a3ddb07cb6f3db82a
  geolocator_apple: cc556e6844d508c95df1e87e3ea6fa4e58c50401
  google_maps_flutter_ios: 66201f392bf62d500f07670a30488a247b9bb5b9
  GoogleAppMeasurement: e490e248af3da95afe8fa8e7baac232dc8d020b7
  GoogleDataTransport: 1c8145da7117bd68bbbed00cf304edb6a24de00f
  GoogleMaps: 65ce5426e2398bb81433c8076f2ab6419c2c5537
  GoogleUtilities: bad72cb363809015b1f7f19beb1f1cd23c589f95
  GTMSessionFetcher: 3a63d75eecd6aa32c2fc79f578064e1214dfdec2
  nanopb: b552cce312b6c8484180ef47159bc0f65a1f0431
  package_info_plus: 6c92f08e1f853dc01228d6f553146438dafcd14e
  path_provider_ios: 14f3d2fd28c4fdb42f44e0f751d12861c43cee02
  PromisesObjC: ab77feca74fa2823e7af4249b8326368e61014cb
  ReachabilitySwift: 985039c6f7b23a1da463388634119492ff86c825
  sqflite: 6d358c025f5b867b29ed92fc697fd34924e11904

PODFILE CHECKSUM: 5e3bfa6ec169d805f57d831851234e3a890bac0b

COCOAPODS: 1.11.3
